
Microsoft Visual Studio Solution File, Format Version 12.00
# Visual Studio Version 16
VisualStudioVersion = 16.0.31112.23
MinimumVisualStudioVersion = 10.0.40219.1
Project("{FAE04EC0-301F-11D3-BF4B-00C04F79EFBC}") = "OlympicGames", "OlympicGames\OlympicGames.csproj", "{B7864AB7-57CB-43FC-A89F-18D7882C6C31}"
EndProject
Project("{FAE04EC0-301F-11D3-BF4B-00C04F79EFBC}") = "BaseApp", "BaseApp\BaseApp.csproj", "{AA4D507B-69D7-447A-875F-23C9FA942F6C}"
EndProject
Global
	GlobalSection(SolutionConfigurationPlatforms) = preSolution
		Debug|Any CPU = Debug|Any CPU
		Release|Any CPU = Release|Any CPU
	EndGlobalSection
	GlobalSection(ProjectConfigurationPlatforms) = postSolution
		{B7864AB7-57CB-43FC-A89F-18D7882C6C31}.Debug|Any CPU.ActiveCfg = Debug|Any CPU
		{B7864AB7-57CB-43FC-A89F-18D7882C6C31}.Debug|Any CPU.Build.0 = Debug|Any CPU
		{B7864AB7-57CB-43FC-A89F-18D7882C6C31}.Release|Any CPU.ActiveCfg = Release|Any CPU
		{B7864AB7-57CB-43FC-A89F-18D7882C6C31}.Release|Any CPU.Build.0 = Release|Any CPU
		{AA4D507B-69D7-447A-875F-23C9FA942F6C}.Debug|Any CPU.ActiveCfg = Debug|Any CPU
		{AA4D507B-69D7-447A-875F-23C9FA942F6C}.Debug|Any CPU.Build.0 = Debug|Any CPU
		{AA4D507B-69D7-447A-875F-23C9FA942F6C}.Release|Any CPU.ActiveCfg = Release|Any CPU
		{AA4D507B-69D7-447A-875F-23C9FA942F6C}.Release|Any CPU.Build.0 = Release|Any CPU
	EndGlobalSection
	GlobalSection(SolutionProperties) = preSolution
		HideSolutionNode = FALSE
	EndGlobalSection
	GlobalSection(ExtensibilityGlobals) = postSolution
		SolutionGuid = {613D59E3-49C1-43D3-AE2B-E8F4A9A76705}
	EndGlobalSection
EndGlobal
